
Microsoft Visual Studio Solution File, Format Version 12.00
# Visual Studio 2012
Project("{FAE04EC0-301F-11D3-BF4B-00C04F79EFBC}") = "Common", "Common\Common.csproj", "{9C7C8C99-51D3-457B-AE72-94299E970DA7}"
EndProject
Project("{FAE04EC0-301F-11D3-BF4B-00C04F79EFBC}") = "Server", "Server\Server.csproj", "{5C414CCF-48DB-4EF0-8E13-295FA4E6E315}"
EndProject
Global
	GlobalSection(SolutionConfigurationPlatforms) = preSolution
		Debug|Any CPU = Debug|Any CPU
		Release|Any CPU = Release|Any CPU
	EndGlobalSection
	GlobalSection(ProjectConfigurationPlatforms) = postSolution
		{9C7C8C99-51D3-457B-AE72-94299E970DA7}.Debug|Any CPU.ActiveCfg = Debug|Any CPU
		{9C7C8C99-51D3-457B-AE72-94299E970DA7}.Debug|Any CPU.Build.0 = Debug|Any CPU
		{9C7C8C99-51D3-457B-AE72-94299E970DA7}.Release|Any CPU.ActiveCfg = Release|Any CPU
		{9C7C8C99-51D3-457B-AE72-94299E970DA7}.Release|Any CPU.Build.0 = Release|Any CPU
		{5C414CCF-48DB-4EF0-8E13-295FA4E6E315}.Debug|Any CPU.ActiveCfg = Debug|Any CPU
		{5C414CCF-48DB-4EF0-8E13-295FA4E6E315}.Debug|Any CPU.Build.0 = Debug|Any CPU
		{5C414CCF-48DB-4EF0-8E13-295FA4E6E315}.Release|Any CPU.ActiveCfg = Release|Any CPU
		{5C414CCF-48DB-4EF0-8E13-295FA4E6E315}.Release|Any CPU.Build.0 = Release|Any CPU
	EndGlobalSection
EndGlobal
